// !$*UTF8*$!
{
	archiveVersion = 1;
	classes = {
	};
	objectVersion = 55;
	objects = {

/* Begin PBXBuildFile section */
		4B27482628A27E9A00FE417A /* AppDelegate.m in Sources */ = {isa = PBXBuildFile; fileRef = 4B27482528A27E9A00FE417A /* AppDelegate.m */; };
		4B27482928A27E9A00FE417A /* ViewController.m in Sources */ = {isa = PBXBuildFile; fileRef = 4B27482828A27E9A00FE417A /* ViewController.m */; };
		4B27482B28A27E9B00FE417A /* Assets.xcassets in Resources */ = {isa = PBXBuildFile; fileRef = 4B27482A28A27E9B00FE417A /* Assets.xcassets */; };
		4B27482E28A27E9C00FE417A /* Main.storyboard in Resources */ = {isa = PBXBuildFile; fileRef = 4B27482C28A27E9B00FE417A /* Main.storyboard */; };
		4B27483028A27E9C00FE417A /* main.m in Sources */ = {isa = PBXBuildFile; fileRef = 4B27482F28A27E9C00FE417A /* main.m */; };
		4B27483928A2815300FE417A /* WindowController.m in Sources */ = {isa = PBXBuildFile; fileRef = 4B27483828A2815300FE417A /* WindowController.m */; };
		4B27483C28A287D700FE417A /* Utility.m in Sources */ = {isa = PBXBuildFile; fileRef = 4B27483B28A287D700FE417A /* Utility.m */; };
		4B5B00F928A356DB00DE0C0B /* FileListCell.m in Sources */ = {isa = PBXBuildFile; fileRef = 4B5B00F828A356DB00DE0C0B /* FileListCell.m */; };
		4B5B00FF28A36DF300DE0C0B /* FolderHelper.m in Sources */ = {isa = PBXBuildFile; fileRef = 4B5B00FE28A36DF300DE0C0B /* FolderHelper.m */; };
/* End PBXBuildFile section */

/* Begin PBXFileReference section */
		4B27482128A27E9A00FE417A /* DecoderApp1.app */ = {isa = PBXFileReference; explicitFileType = wrapper.application; includeInIndex = 0; path = DecoderApp1.app; sourceTree = BUILT_PRODUCTS_DIR; };
		4B27482428A27E9A00FE417A /* AppDelegate.h */ = {isa = PBXFileReference; lastKnownFileType = sourcecode.c.h; path = AppDelegate.h; sourceTree = "<group>"; };
		4B27482528A27E9A00FE417A /* AppDelegate.m */ = {isa = PBXFileReference; lastKnownFileType = sourcecode.c.objc; path = AppDelegate.m; sourceTree = "<group>"; };
		4B27482728A27E9A00FE417A /* ViewController.h */ = {isa = PBXFileReference; lastKnownFileType = sourcecode.c.h; path = ViewController.h; sourceTree = "<group>"; };
		4B27482828A27E9A00FE417A /* ViewController.m */ = {isa = PBXFileReference; lastKnownFileType = sourcecode.c.objc; path = ViewController.m; sourceTree = "<group>"; };
		4B27482A28A27E9B00FE417A /* Assets.xcassets */ = {isa = PBXFileReference; lastKnownFileType = folder.assetcatalog; path = Assets.xcassets; sourceTree = "<group>"; };
		4B27482D28A27E9C00FE417A /* Base */ = {isa = PBXFileReference; lastKnownFileType = file.storyboard; name = Base; path = Base.lproj/Main.storyboard; sourceTree = "<group>"; };
		4B27482F28A27E9C00FE417A /* main.m */ = {isa = PBXFileReference; lastKnownFileType = sourcecode.c.objc; path = main.m; sourceTree = "<group>"; };
		4B27483128A27E9C00FE417A /* DecoderApp1.entitlements */ = {isa = PBXFileReference; lastKnownFileType = text.plist.entitlements; path = DecoderApp1.entitlements; sourceTree = "<group>"; };
		4B27483728A2815300FE417A /* WindowController.h */ = {isa = PBXFileReference; lastKnownFileType = sourcecode.c.h; path = WindowController.h; sourceTree = "<group>"; };
		4B27483828A2815300FE417A /* WindowController.m */ = {isa = PBXFileReference; lastKnownFileType = sourcecode.c.objc; path = WindowController.m; sourceTree = "<group>"; };
		4B27483A28A287D700FE417A /* Utility.h */ = {isa = PBXFileReference; lastKnownFileType = sourcecode.c.h; path = Utility.h; sourceTree = "<group>"; };
		4B27483B28A287D700FE417A /* Utility.m */ = {isa = PBXFileReference; lastKnownFileType = sourcecode.c.objc; path = Utility.m; sourceTree = "<group>"; };
		4B5B00F728A356DB00DE0C0B /* FileListCell.h */ = {isa = PBXFileReference; lastKnownFileType = sourcecode.c.h; path = FileListCell.h; sourceTree = "<group>"; };
		4B5B00F828A356DB00DE0C0B /* FileListCell.m */ = {isa = PBXFileReference; lastKnownFileType = sourcecode.c.objc; path = FileListCell.m; sourceTree = "<group>"; };
		4B5B00FD28A36DF300DE0C0B /* FolderHelper.h */ = {isa = PBXFileReference; lastKnownFileType = sourcecode.c.h; path = FolderHelper.h; sourceTree = "<group>"; };
		4B5B00FE28A36DF300DE0C0B /* FolderHelper.m */ = {isa = PBXFileReference; lastKnownFileType = sourcecode.c.objc; path = FolderHelper.m; sourceTree = "<group>"; };
/* End PBXFileReference section */

/* Begin PBXFrameworksBuildPhase section */
		4B27481E28A27E9A00FE417A /* Frameworks */ = {
			isa = PBXFrameworksBuildPhase;
			buildActionMask = 2147483647;
			files = (
			);
			runOnlyForDeploymentPostprocessing = 0;
		};
/* End PBXFrameworksBuildPhase section */

/* Begin PBXGroup section */
		4B27481828A27E9A00FE417A = {
			isa = PBXGroup;
			children = (
				4B27482328A27E9A00FE417A /* DecoderApp1 */,
				4B27482228A27E9A00FE417A /* Products */,
			);
			sourceTree = "<group>";
		};
		4B27482228A27E9A00FE417A /* Products */ = {
			isa = PBXGroup;
			children = (
				4B27482128A27E9A00FE417A /* DecoderApp1.app */,
			);
			name = Products;
			sourceTree = "<group>";
		};
		4B27482328A27E9A00FE417A /* DecoderApp1 */ = {
			isa = PBXGroup;
			children = (
				4B5B00F628A3568F00DE0C0B /* FileList */,
				4B27482428A27E9A00FE417A /* AppDelegate.h */,
				4B27482528A27E9A00FE417A /* AppDelegate.m */,
				4B27482728A27E9A00FE417A /* ViewController.h */,
				4B27482828A27E9A00FE417A /* ViewController.m */,
				4B27482A28A27E9B00FE417A /* Assets.xcassets */,
				4B27482C28A27E9B00FE417A /* Main.storyboard */,
				4B27482F28A27E9C00FE417A /* main.m */,
				4B27483128A27E9C00FE417A /* DecoderApp1.entitlements */,
				4B27483728A2815300FE417A /* WindowController.h */,
				4B27483828A2815300FE417A /* WindowController.m */,
				4B27483A28A287D700FE417A /* Utility.h */,
				4B27483B28A287D700FE417A /* Utility.m */,
			);
			path = DecoderApp1;
			sourceTree = "<group>";
		};
		4B5B00F628A3568F00DE0C0B /* FileList */ = {
			isa = PBXGroup;
			children = (
				4B5B00F728A356DB00DE0C0B /* FileListCell.h */,
				4B5B00F828A356DB00DE0C0B /* FileListCell.m */,
				4B5B00FD28A36DF300DE0C0B /* FolderHelper.h */,
				4B5B00FE28A36DF300DE0C0B /* FolderHelper.m */,
			);
			path = FileList;
			sourceTree = "<group>";
		};
/* End PBXGroup section */

/* Begin PBXNativeTarget section */
		4B27482028A27E9A00FE417A /* DecoderApp1 */ = {
			isa = PBXNativeTarget;
			buildConfigurationList = 4B27483428A27E9C00FE417A /* Build configuration list for PBXNativeTarget "DecoderApp1" */;
			buildPhases = (
				4B27481D28A27E9A00FE417A /* Sources */,
				4B27481E28A27E9A00FE417A /* Frameworks */,
				4B27481F28A27E9A00FE417A /* Resources */,
			);
			buildRules = (
			);
			dependencies = (
			);
			name = DecoderApp1;
			productName = DecoderApp1;
			productReference = 4B27482128A27E9A00FE417A /* DecoderApp1.app */;
			productType = "com.apple.product-type.application";
		};
/* End PBXNativeTarget section */

/* Begin PBXProject section */
		4B27481928A27E9A00FE417A /* Project object */ = {
			isa = PBXProject;
			attributes = {
				BuildIndependentTargetsInParallel = 1;
				LastUpgradeCheck = 1340;
				TargetAttributes = {
					4B27482028A27E9A00FE417A = {
						CreatedOnToolsVersion = 13.4.1;
					};
				};
			};
			buildConfigurationList = 4B27481C28A27E9A00FE417A /* Build configuration list for PBXProject "DecoderApp1" */;
			compatibilityVersion = "Xcode 13.0";
			developmentRegion = en;
			hasScannedForEncodings = 0;
			knownRegions = (
				en,
				Base,
			);
			mainGroup = 4B27481828A27E9A00FE417A;
			productRefGroup = 4B27482228A27E9A00FE417A /* Products */;
			projectDirPath = "";
			projectRoot = "";
			targets = (
				4B27482028A27E9A00FE417A /* DecoderApp1 */,
			);
		};
/* End PBXProject section */

/* Begin PBXResourcesBuildPhase section */
		4B27481F28A27E9A00FE417A /* Resources */ = {
			isa = PBXResourcesBuildPhase;
			buildActionMask = 2147483647;
			files = (
				4B27482B28A27E9B00FE417A /* Assets.xcassets in Resources */,
				4B27482E28A27E9C00FE417A /* Main.storyboard in Resources */,
			);
			runOnlyForDeploymentPostprocessing = 0;
		};
/* End PBXResourcesBuildPhase section */

/* Begin PBXSourcesBuildPhase section */
		4B27481D28A27E9A00FE417A /* Sources */ = {
			isa = PBXSourcesBuildPhase;
			buildActionMask = 2147483647;
			files = (
				4B27482928A27E9A00FE417A /* ViewController.m in Sources */,
				4B27483928A2815300FE417A /* WindowController.m in Sources */,
				4B27483C28A287D700FE417A /* Utility.m in Sources */,
				4B27483028A27E9C00FE417A /* main.m in Sources */,
				4B27482628A27E9A00FE417A /* AppDelegate.m in Sources */,
				4B5B00FF28A36DF300DE0C0B /* FolderHelper.m in Sources */,
				4B5B00F928A356DB00DE0C0B /* FileListCell.m in Sources */,
			);
			runOnlyForDeploymentPostprocessing = 0;
		};
/* End PBXSourcesBuildPhase section */

/* Begin PBXVariantGroup section */
		4B27482C28A27E9B00FE417A /* Main.storyboard */ = {
			isa = PBXVariantGroup;
			children = (
				4B27482D28A27E9C00FE417A /* Base */,
			);
			name = Main.storyboard;
			sourceTree = "<group>";
		};
/* End PBXVariantGroup section */

/* Begin XCBuildConfiguration section */
		4B27483228A27E9C00FE417A /* Debug */ = {
			isa = XCBuildConfiguration;
			buildSettings = {
				ALWAYS_SEARCH_USER_PATHS = NO;
				CLANG_ANALYZER_NONNULL = YES;
				CLANG_ANALYZER_NUMBER_OBJECT_CONVERSION = YES_AGGRESSIVE;
				CLANG_CXX_LANGUAGE_STANDARD = "gnu++17";
				CLANG_ENABLE_MODULES = YES;
				CLANG_ENABLE_OBJC_ARC = YES;
				CLANG_ENABLE_OBJC_WEAK = YES;
				CLANG_WARN_BLOCK_CAPTURE_AUTORELEASING = YES;
				CLANG_WARN_BOOL_CONVERSION = YES;
				CLANG_WARN_COMMA = YES;
				CLANG_WARN_CONSTANT_CONVERSION = YES;
				CLANG_WARN_DEPRECATED_OBJC_IMPLEMENTATIONS = YES;
				CLANG_WARN_DIRECT_OBJC_ISA_USAGE = YES_ERROR;
				CLANG_WARN_DOCUMENTATION_COMMENTS = YES;
				CLANG_WARN_EMPTY_BODY = YES;
				CLANG_WARN_ENUM_CONVERSION = YES;
				CLANG_WARN_INFINITE_RECURSION = YES;
				CLANG_WARN_INT_CONVERSION = YES;
				CLANG_WARN_NON_LITERAL_NULL_CONVERSION = YES;
				CLANG_WARN_OBJC_IMPLICIT_RETAIN_SELF = YES;
				CLANG_WARN_OBJC_LITERAL_CONVERSION = YES;
				CLANG_WARN_OBJC_ROOT_CLASS = YES_ERROR;
				CLANG_WARN_QUOTED_INCLUDE_IN_FRAMEWORK_HEADER = YES;
				CLANG_WARN_RANGE_LOOP_ANALYSIS = YES;
				CLANG_WARN_STRICT_PROTOTYPES = YES;
				CLANG_WARN_SUSPICIOUS_MOVE = YES;
				CLANG_WARN_UNGUARDED_AVAILABILITY = YES_AGGRESSIVE;
				CLANG_WARN_UNREACHABLE_CODE = YES;
				CLANG_WARN__DUPLICATE_METHOD_MATCH = YES;
				COPY_PHASE_STRIP = NO;
				DEBUG_INFORMATION_FORMAT = dwarf;
				ENABLE_STRICT_OBJC_MSGSEND = YES;
				ENABLE_TESTABILITY = YES;
				GCC_C_LANGUAGE_STANDARD = gnu11;
				GCC_DYNAMIC_NO_PIC = NO;
				GCC_NO_COMMON_BLOCKS = YES;
				GCC_OPTIMIZATION_LEVEL = 0;
				GCC_PREPROCESSOR_DEFINITIONS = (
					"DEBUG=1",
					"$(inherited)",
				);
				GCC_WARN_64_TO_32_BIT_CONVERSION = YES;
				GCC_WARN_ABOUT_RETURN_TYPE = YES_ERROR;
				GCC_WARN_UNDECLARED_SELECTOR = YES;
				GCC_WARN_UNINITIALIZED_AUTOS = YES_AGGRESSIVE;
				GCC_WARN_UNUSED_FUNCTION = YES;
				GCC_WARN_UNUSED_VARIABLE = YES;
				MACOSX_DEPLOYMENT_TARGET = 12.3;
				MTL_ENABLE_DEBUG_INFO = INCLUDE_SOURCE;
				MTL_FAST_MATH = YES;
				ONLY_ACTIVE_ARCH = YES;
				SDKROOT = macosx;
			};
			name = Debug;
		};
		4B27483328A27E9C00FE417A /* Release */ = {
			isa = XCBuildConfiguration;
			buildSettings = {
				ALWAYS_SEARCH_USER_PATHS = NO;
				CLANG_ANALYZER_NONNULL = YES;
				CLANG_ANALYZER_NUMBER_OBJECT_CONVERSION = YES_AGGRESSIVE;
				CLANG_CXX_LANGUAGE_STANDARD = "gnu++17";
				CLANG_ENABLE_MODULES = YES;
				CLANG_ENABLE_OBJC_ARC = YES;
				CLANG_ENABLE_OBJC_WEAK = YES;
				CLANG_WARN_BLOCK_CAPTURE_AUTORELEASING = YES;
				CLANG_WARN_BOOL_CONVERSION = YES;
				CLANG_WARN_COMMA = YES;
				CLANG_WARN_CONSTANT_CONVERSION = YES;
				CLANG_WARN_DEPRECATED_OBJC_IMPLEMENTATIONS = YES;
				CLANG_WARN_DIRECT_OBJC_ISA_USAGE = YES_ERROR;
				CLANG_WARN_DOCUMENTATION_COMMENTS = YES;
				CLANG_WARN_EMPTY_BODY = YES;
				CLANG_WARN_ENUM_CONVERSION = YES;
				CLANG_WARN_INFINITE_RECURSION = YES;
				CLANG_WARN_INT_CONVERSION = YES;
				CLANG_WARN_NON_LITERAL_NULL_CONVERSION = YES;
				CLANG_WARN_OBJC_IMPLICIT_RETAIN_SELF = YES;
				CLANG_WARN_OBJC_LITERAL_CONVERSION = YES;
				CLANG_WARN_OBJC_ROOT_CLASS = YES_ERROR;
				CLANG_WARN_QUOTED_INCLUDE_IN_FRAMEWORK_HEADER = YES;
				CLANG_WARN_RANGE_LOOP_ANALYSIS = YES;
				CLANG_WARN_STRICT_PROTOTYPES = YES;
				CLANG_WARN_SUSPICIOUS_MOVE = YES;
				CLANG_WARN_UNGUARDED_AVAILABILITY = YES_AGGRESSIVE;
				CLANG_WARN_UNREACHABLE_CODE = YES;
				CLANG_WARN__DUPLICATE_METHOD_MATCH = YES;
				COPY_PHASE_STRIP = NO;
				DEBUG_INFORMATION_FORMAT = "dwarf-with-dsym";
				ENABLE_NS_ASSERTIONS = NO;
				ENABLE_STRICT_OBJC_MSGSEND = YES;
				GCC_C_LANGUAGE_STANDARD = gnu11;
				GCC_NO_COMMON_BLOCKS = YES;
				GCC_WARN_64_TO_32_BIT_CONVERSION = YES;
				GCC_WARN_ABOUT_RETURN_TYPE = YES_ERROR;
				GCC_WARN_UNDECLARED_SELECTOR = YES;
				GCC_WARN_UNINITIALIZED_AUTOS = YES_AGGRESSIVE;
				GCC_WARN_UNUSED_FUNCTION = YES;
				GCC_WARN_UNUSED_VARIABLE = YES;
				MACOSX_DEPLOYMENT_TARGET = 12.3;
				MTL_ENABLE_DEBUG_INFO = NO;
				MTL_FAST_MATH = YES;
				SDKROOT = macosx;
			};
			name = Release;
		};
		4B27483528A27E9C00FE417A /* Debug */ = {
			isa = XCBuildConfiguration;
			buildSettings = {
				ASSETCATALOG_COMPILER_APPICON_NAME = AppIcon;
				ASSETCATALOG_COMPILER_GLOBAL_ACCENT_COLOR_NAME = AccentColor;
				CODE_SIGN_ENTITLEMENTS = DecoderApp1/DecoderApp1.entitlements;
				CODE_SIGN_STYLE = Automatic;
				COMBINE_HIDPI_IMAGES = YES;
				CURRENT_PROJECT_VERSION = 1;
				DEVELOPMENT_TEAM = DAPT6XE255;
				ENABLE_HARDENED_RUNTIME = YES;
				GENERATE_INFOPLIST_FILE = YES;
				INFOPLIST_KEY_NSHumanReadableCopyright = "";
				INFOPLIST_KEY_NSMainStoryboardFile = Main;
				INFOPLIST_KEY_NSPrincipalClass = NSApplication;
				LD_RUNPATH_SEARCH_PATHS = (
					"$(inherited)",
					"@executable_path/../Frameworks",
				);
				MACOSX_DEPLOYMENT_TARGET = 10.10;
				MARKETING_VERSION = 1.0;
				PRODUCT_BUNDLE_IDENTIFIER = ngan.study.com.DecoderApp1;
				PRODUCT_NAME = "$(TARGET_NAME)";
				SWIFT_EMIT_LOC_STRINGS = YES;
			};
			name = Debug;
		};
		4B27483628A27E9C00FE417A /* Release */ = {
			isa = XCBuildConfiguration;
			buildSettings = {
				ASSETCATALOG_COMPILER_APPICON_NAME = AppIcon;
				ASSETCATALOG_COMPILER_GLOBAL_ACCENT_COLOR_NAME = AccentColor;
				CODE_SIGN_ENTITLEMENTS = DecoderApp1/DecoderApp1.entitlements;
				CODE_SIGN_STYLE = Automatic;
				COMBINE_HIDPI_IMAGES = YES;
				CURRENT_PROJECT_VERSION = 1;
				DEVELOPMENT_TEAM = DAPT6XE255;
				ENABLE_HARDENED_RUNTIME = YES;
				GENERATE_INFOPLIST_FILE = YES;
				INFOPLIST_KEY_NSHumanReadableCopyright = "";
				INFOPLIST_KEY_NSMainStoryboardFile = Main;
				INFOPLIST_KEY_NSPrincipalClass = NSApplication;
				LD_RUNPATH_SEARCH_PATHS = (
					"$(inherited)",
					"@executable_path/../Frameworks",
				);
				MACOSX_DEPLOYMENT_TARGET = 10.10;
				MARKETING_VERSION = 1.0;
				PRODUCT_BUNDLE_IDENTIFIER = ngan.study.com.DecoderApp1;
				PRODUCT_NAME = "$(TARGET_NAME)";
				SWIFT_EMIT_LOC_STRINGS = YES;
			};
			name = Release;
		};
/* End XCBuildConfiguration section */

/* Begin XCConfigurationList section */
		4B27481C28A27E9A00FE417A /* Build configuration list for PBXProject "DecoderApp1" */ = {
			isa = XCConfigurationList;
			buildConfigurations = (
				4B27483228A27E9C00FE417A /* Debug */,
				4B27483328A27E9C00FE417A /* Release */,
			);
			defaultConfigurationIsVisible = 0;
			defaultConfigurationName = Release;
		};
		4B27483428A27E9C00FE417A /* Build configuration list for PBXNativeTarget "DecoderApp1" */ = {
			isa = XCConfigurationList;
			buildConfigurations = (
				4B27483528A27E9C00FE417A /* Debug */,
				4B27483628A27E9C00FE417A /* Release */,
			);
			defaultConfigurationIsVisible = 0;
			defaultConfigurationName = Release;
		};
/* End XCConfigurationList section */
	};
	rootObject = 4B27481928A27E9A00FE417A /* Project object */;
}
